
Microsoft Visual Studio Solution File, Format Version 12.00
# Visual Studio Version 16
VisualStudioVersion = 16.0.30104.148
MinimumVisualStudioVersion = 10.0.40219.1
Project("{FAE04EC0-301F-11D3-BF4B-00C04F79EFBC}") = "Formularios", "Formularios\Formularios.csproj", "{3962766B-889A-448F-A1AD-BF4474AC2B57}"
EndProject
Project("{FAE04EC0-301F-11D3-BF4B-00C04F79EFBC}") = "Clases", "Clases\Clases.csproj", "{A2D6950A-9F72-43C0-BCE6-8ABD68DECD50}"
EndProject
Project("{FAE04EC0-301F-11D3-BF4B-00C04F79EFBC}") = "Datos", "Datos\Datos.csproj", "{712DD30E-411C-46D4-A91E-C2FD63070225}"
EndProject
Project("{FAE04EC0-301F-11D3-BF4B-00C04F79EFBC}") = "Negocio", "Negocio\Negocio.csproj", "{DD0A1DAB-57C1-4AE5-9910-48833F311F34}"
EndProject
Global
	GlobalSection(SolutionConfigurationPlatforms) = preSolution
		Debug|Any CPU = Debug|Any CPU
		Release|Any CPU = Release|Any CPU
	EndGlobalSection
	GlobalSection(ProjectConfigurationPlatforms) = postSolution
		{3962766B-889A-448F-A1AD-BF4474AC2B57}.Debug|Any CPU.ActiveCfg = Debug|Any CPU
		{3962766B-889A-448F-A1AD-BF4474AC2B57}.Debug|Any CPU.Build.0 = Debug|Any CPU
		{3962766B-889A-448F-A1AD-BF4474AC2B57}.Release|Any CPU.ActiveCfg = Release|Any CPU
		{3962766B-889A-448F-A1AD-BF4474AC2B57}.Release|Any CPU.Build.0 = Release|Any CPU
		{A2D6950A-9F72-43C0-BCE6-8ABD68DECD50}.Debug|Any CPU.ActiveCfg = Debug|Any CPU
		{A2D6950A-9F72-43C0-BCE6-8ABD68DECD50}.Debug|Any CPU.Build.0 = Debug|Any CPU
		{A2D6950A-9F72-43C0-BCE6-8ABD68DECD50}.Release|Any CPU.ActiveCfg = Release|Any CPU
		{A2D6950A-9F72-43C0-BCE6-8ABD68DECD50}.Release|Any CPU.Build.0 = Release|Any CPU
		{712DD30E-411C-46D4-A91E-C2FD63070225}.Debug|Any CPU.ActiveCfg = Debug|Any CPU
		{712DD30E-411C-46D4-A91E-C2FD63070225}.Debug|Any CPU.Build.0 = Debug|Any CPU
		{712DD30E-411C-46D4-A91E-C2FD63070225}.Release|Any CPU.ActiveCfg = Release|Any CPU
		{712DD30E-411C-46D4-A91E-C2FD63070225}.Release|Any CPU.Build.0 = Release|Any CPU
		{DD0A1DAB-57C1-4AE5-9910-48833F311F34}.Debug|Any CPU.ActiveCfg = Debug|Any CPU
		{DD0A1DAB-57C1-4AE5-9910-48833F311F34}.Debug|Any CPU.Build.0 = Debug|Any CPU
		{DD0A1DAB-57C1-4AE5-9910-48833F311F34}.Release|Any CPU.ActiveCfg = Release|Any CPU
		{DD0A1DAB-57C1-4AE5-9910-48833F311F34}.Release|Any CPU.Build.0 = Release|Any CPU
	EndGlobalSection
	GlobalSection(SolutionProperties) = preSolution
		HideSolutionNode = FALSE
	EndGlobalSection
	GlobalSection(ExtensibilityGlobals) = postSolution
		SolutionGuid = {39D09919-6FE8-4494-9C61-0D965FAB185B}
	EndGlobalSection
EndGlobal
